
Microsoft Visual Studio Solution File, Format Version 12.00
# Visual Studio Version 17
VisualStudioVersion = 17.2.32526.322
MinimumVisualStudioVersion = 10.0.40219.1
Project("{9A19103F-16F7-4668-BE54-9A1E7A4F7556}") = "Verse3", "Verse3\Verse3.csproj", "{6798D456-CCB9-4FAA-9308-F6229C44189D}"
EndProject
Project("{9A19103F-16F7-4668-BE54-9A1E7A4F7556}") = "InfiniteCanvas", "InfiniteCanvas\InfiniteCanvas.csproj", "{E879CA82-E223-435E-8D2E-D54BB5902CAA}"
EndProject
Project("{9A19103F-16F7-4668-BE54-9A1E7A4F7556}") = "Core", "Core\Core.csproj", "{C506AF17-1CB7-44E1-AFD2-E4C229300036}"
EndProject
Project("{9A19103F-16F7-4668-BE54-9A1E7A4F7556}") = "TestPlugin", "TestPlugin\TestPlugin.csproj", "{C03DF8A5-5EF7-4F0E-AF75-54CAFB05458E}"
EndProject
Project("{2150E333-8FDC-42A3-9474-1A3956D46DE8}") = "Solution Items", "Solution Items", "{3A33BA94-FD7F-498B-BDC5-0019D9A25C19}"
	ProjectSection(SolutionItems) = preProject
		.editorconfig = .editorconfig
	EndProjectSection
EndProject
Project("{9A19103F-16F7-4668-BE54-9A1E7A4F7556}") = "MathLibrary", "MathLibrary\MathLibrary.csproj", "{875B3719-44C6-49C0-979B-04C3E62B77CE}"
EndProject
Project("{9A19103F-16F7-4668-BE54-9A1E7A4F7556}") = "CanvasElements", "CanvasElements\CanvasElements.csproj", "{F937B28E-7528-4A7B-9A81-3F9C824FAFB6}"
EndProject
Project("{9A19103F-16F7-4668-BE54-9A1E7A4F7556}") = "BooleanLibrary", "BooleanElements\BooleanLibrary.csproj", "{860D1F6C-91A0-4052-BADF-E3DCCE50068F}"
EndProject
Project("{2150E333-8FDC-42A3-9474-1A3956D46DE8}") = "Libraries", "Libraries", "{7BC84CD5-7B85-4EB7-9AF1-FBDFCC202032}"
EndProject
Project("{9A19103F-16F7-4668-BE54-9A1E7A4F7556}") = "EventsLibrary", "EventsLibrary\EventsLibrary.csproj", "{0B040E66-5520-4084-91B2-32FD8FE02ED4}"
EndProject
Project("{9A19103F-16F7-4668-BE54-9A1E7A4F7556}") = "TextLibrary", "TextLibrary\TextLibrary.csproj", "{2CF87B26-905A-44DC-93F4-C355DC5FBF10}"
EndProject
Project("{9A19103F-16F7-4668-BE54-9A1E7A4F7556}") = "CodeLibrary", "CodeLibrary\CodeLibrary.csproj", "{3BAEC9A5-8B04-40A2-AF04-8CC30D31E4A6}"
EndProject
Project("{9A19103F-16F7-4668-BE54-9A1E7A4F7556}") = "CoreInterop", "CoreInterop\CoreInterop.csproj", "{27BB1A41-4017-49E4-BA7A-106682FF3B93}"
EndProject
Global
	GlobalSection(SolutionConfigurationPlatforms) = preSolution
		Debug|Any CPU = Debug|Any CPU
		Release|Any CPU = Release|Any CPU
	EndGlobalSection
	GlobalSection(ProjectConfigurationPlatforms) = postSolution
		{6798D456-CCB9-4FAA-9308-F6229C44189D}.Debug|Any CPU.ActiveCfg = Debug|Any CPU
		{6798D456-CCB9-4FAA-9308-F6229C44189D}.Debug|Any CPU.Build.0 = Debug|Any CPU
		{6798D456-CCB9-4FAA-9308-F6229C44189D}.Release|Any CPU.ActiveCfg = Release|Any CPU
		{6798D456-CCB9-4FAA-9308-F6229C44189D}.Release|Any CPU.Build.0 = Release|Any CPU
		{E879CA82-E223-435E-8D2E-D54BB5902CAA}.Debug|Any CPU.ActiveCfg = Debug|Any CPU
		{E879CA82-E223-435E-8D2E-D54BB5902CAA}.Debug|Any CPU.Build.0 = Debug|Any CPU
		{E879CA82-E223-435E-8D2E-D54BB5902CAA}.Release|Any CPU.ActiveCfg = Release|Any CPU
		{E879CA82-E223-435E-8D2E-D54BB5902CAA}.Release|Any CPU.Build.0 = Release|Any CPU
		{C506AF17-1CB7-44E1-AFD2-E4C229300036}.Debug|Any CPU.ActiveCfg = Debug|Any CPU
		{C506AF17-1CB7-44E1-AFD2-E4C229300036}.Debug|Any CPU.Build.0 = Debug|Any CPU
		{C506AF17-1CB7-44E1-AFD2-E4C229300036}.Release|Any CPU.ActiveCfg = Release|Any CPU
		{C506AF17-1CB7-44E1-AFD2-E4C229300036}.Release|Any CPU.Build.0 = Release|Any CPU
		{C03DF8A5-5EF7-4F0E-AF75-54CAFB05458E}.Debug|Any CPU.ActiveCfg = Debug|Any CPU
		{C03DF8A5-5EF7-4F0E-AF75-54CAFB05458E}.Debug|Any CPU.Build.0 = Debug|Any CPU
		{C03DF8A5-5EF7-4F0E-AF75-54CAFB05458E}.Release|Any CPU.ActiveCfg = Release|Any CPU
		{C03DF8A5-5EF7-4F0E-AF75-54CAFB05458E}.Release|Any CPU.Build.0 = Release|Any CPU
		{875B3719-44C6-49C0-979B-04C3E62B77CE}.Debug|Any CPU.ActiveCfg = Debug|Any CPU
		{875B3719-44C6-49C0-979B-04C3E62B77CE}.Debug|Any CPU.Build.0 = Debug|Any CPU
		{875B3719-44C6-49C0-979B-04C3E62B77CE}.Release|Any CPU.ActiveCfg = Release|Any CPU
		{875B3719-44C6-49C0-979B-04C3E62B77CE}.Release|Any CPU.Build.0 = Release|Any CPU
		{F937B28E-7528-4A7B-9A81-3F9C824FAFB6}.Debug|Any CPU.ActiveCfg = Debug|Any CPU
		{F937B28E-7528-4A7B-9A81-3F9C824FAFB6}.Debug|Any CPU.Build.0 = Debug|Any CPU
		{F937B28E-7528-4A7B-9A81-3F9C824FAFB6}.Release|Any CPU.ActiveCfg = Release|Any CPU
		{F937B28E-7528-4A7B-9A81-3F9C824FAFB6}.Release|Any CPU.Build.0 = Release|Any CPU
		{860D1F6C-91A0-4052-BADF-E3DCCE50068F}.Debug|Any CPU.ActiveCfg = Debug|Any CPU
		{860D1F6C-91A0-4052-BADF-E3DCCE50068F}.Debug|Any CPU.Build.0 = Debug|Any CPU
		{860D1F6C-91A0-4052-BADF-E3DCCE50068F}.Release|Any CPU.ActiveCfg = Release|Any CPU
		{860D1F6C-91A0-4052-BADF-E3DCCE50068F}.Release|Any CPU.Build.0 = Release|Any CPU
		{0B040E66-5520-4084-91B2-32FD8FE02ED4}.Debug|Any CPU.ActiveCfg = Debug|Any CPU
		{0B040E66-5520-4084-91B2-32FD8FE02ED4}.Debug|Any CPU.Build.0 = Debug|Any CPU
		{0B040E66-5520-4084-91B2-32FD8FE02ED4}.Release|Any CPU.ActiveCfg = Release|Any CPU
		{0B040E66-5520-4084-91B2-32FD8FE02ED4}.Release|Any CPU.Build.0 = Release|Any CPU
		{2CF87B26-905A-44DC-93F4-C355DC5FBF10}.Debug|Any CPU.ActiveCfg = Debug|Any CPU
		{2CF87B26-905A-44DC-93F4-C355DC5FBF10}.Debug|Any CPU.Build.0 = Debug|Any CPU
		{2CF87B26-905A-44DC-93F4-C355DC5FBF10}.Release|Any CPU.ActiveCfg = Release|Any CPU
		{2CF87B26-905A-44DC-93F4-C355DC5FBF10}.Release|Any CPU.Build.0 = Release|Any CPU
		{3BAEC9A5-8B04-40A2-AF04-8CC30D31E4A6}.Debug|Any CPU.ActiveCfg = Debug|Any CPU
		{3BAEC9A5-8B04-40A2-AF04-8CC30D31E4A6}.Debug|Any CPU.Build.0 = Debug|Any CPU
		{3BAEC9A5-8B04-40A2-AF04-8CC30D31E4A6}.Release|Any CPU.ActiveCfg = Release|Any CPU
		{3BAEC9A5-8B04-40A2-AF04-8CC30D31E4A6}.Release|Any CPU.Build.0 = Release|Any CPU
		{27BB1A41-4017-49E4-BA7A-106682FF3B93}.Debug|Any CPU.ActiveCfg = Debug|Any CPU
		{27BB1A41-4017-49E4-BA7A-106682FF3B93}.Debug|Any CPU.Build.0 = Debug|Any CPU
		{27BB1A41-4017-49E4-BA7A-106682FF3B93}.Release|Any CPU.ActiveCfg = Release|Any CPU
		{27BB1A41-4017-49E4-BA7A-106682FF3B93}.Release|Any CPU.Build.0 = Release|Any CPU
	EndGlobalSection
	GlobalSection(SolutionProperties) = preSolution
		HideSolutionNode = FALSE
	EndGlobalSection
	GlobalSection(NestedProjects) = preSolution
		{C03DF8A5-5EF7-4F0E-AF75-54CAFB05458E} = {7BC84CD5-7B85-4EB7-9AF1-FBDFCC202032}
		{875B3719-44C6-49C0-979B-04C3E62B77CE} = {7BC84CD5-7B85-4EB7-9AF1-FBDFCC202032}
		{F937B28E-7528-4A7B-9A81-3F9C824FAFB6} = {7BC84CD5-7B85-4EB7-9AF1-FBDFCC202032}
		{860D1F6C-91A0-4052-BADF-E3DCCE50068F} = {7BC84CD5-7B85-4EB7-9AF1-FBDFCC202032}
		{0B040E66-5520-4084-91B2-32FD8FE02ED4} = {7BC84CD5-7B85-4EB7-9AF1-FBDFCC202032}
		{2CF87B26-905A-44DC-93F4-C355DC5FBF10} = {7BC84CD5-7B85-4EB7-9AF1-FBDFCC202032}
		{3BAEC9A5-8B04-40A2-AF04-8CC30D31E4A6} = {7BC84CD5-7B85-4EB7-9AF1-FBDFCC202032}
	EndGlobalSection
	GlobalSection(ExtensibilityGlobals) = postSolution
		SolutionGuid = {664725FC-A9E2-4130-AA07-DCEA45B3CC42}
	EndGlobalSection
EndGlobal
