
Microsoft Visual Studio Solution File, Format Version 12.00
# Visual Studio Version 17
VisualStudioVersion = 17.2.32526.322
MinimumVisualStudioVersion = 10.0.40219.1
Project("{9A19103F-16F7-4668-BE54-9A1E7A4F7556}") = "Verse3InteropRhinoPlugin", "Verse3InteropRhinoPlugin\Verse3InteropRhinoPlugin.csproj", "{A5290F1C-3751-414F-80B0-EBE19D424170}"
EndProject
Project("{9A19103F-16F7-4668-BE54-9A1E7A4F7556}") = "RhinoCommonLibrary", "RhinoCommonLibrary\RhinoCommonLibrary.csproj", "{9F7BE002-B68F-435C-989C-0470EE79B8D6}"
EndProject
Project("{9A19103F-16F7-4668-BE54-9A1E7A4F7556}") = "Verse3RhinoInterop", "Verse3RhinoInterop\Verse3RhinoInterop.csproj", "{48FAACCF-B5E9-4BE0-B8FD-4A8C838E56C6}"
EndProject
Global
	GlobalSection(SolutionConfigurationPlatforms) = preSolution
		Debug|Any CPU = Debug|Any CPU
		Release|Any CPU = Release|Any CPU
	EndGlobalSection
	GlobalSection(ProjectConfigurationPlatforms) = postSolution
		{A5290F1C-3751-414F-80B0-EBE19D424170}.Debug|Any CPU.ActiveCfg = Debug|Any CPU
		{A5290F1C-3751-414F-80B0-EBE19D424170}.Debug|Any CPU.Build.0 = Debug|Any CPU
		{A5290F1C-3751-414F-80B0-EBE19D424170}.Release|Any CPU.ActiveCfg = Release|Any CPU
		{A5290F1C-3751-414F-80B0-EBE19D424170}.Release|Any CPU.Build.0 = Release|Any CPU
		{9F7BE002-B68F-435C-989C-0470EE79B8D6}.Debug|Any CPU.ActiveCfg = Debug|Any CPU
		{9F7BE002-B68F-435C-989C-0470EE79B8D6}.Debug|Any CPU.Build.0 = Debug|Any CPU
		{9F7BE002-B68F-435C-989C-0470EE79B8D6}.Release|Any CPU.ActiveCfg = Release|Any CPU
		{9F7BE002-B68F-435C-989C-0470EE79B8D6}.Release|Any CPU.Build.0 = Release|Any CPU
		{48FAACCF-B5E9-4BE0-B8FD-4A8C838E56C6}.Debug|Any CPU.ActiveCfg = Debug|Any CPU
		{48FAACCF-B5E9-4BE0-B8FD-4A8C838E56C6}.Debug|Any CPU.Build.0 = Debug|Any CPU
		{48FAACCF-B5E9-4BE0-B8FD-4A8C838E56C6}.Release|Any CPU.ActiveCfg = Release|Any CPU
		{48FAACCF-B5E9-4BE0-B8FD-4A8C838E56C6}.Release|Any CPU.Build.0 = Release|Any CPU
	EndGlobalSection
	GlobalSection(SolutionProperties) = preSolution
		HideSolutionNode = FALSE
	EndGlobalSection
	GlobalSection(ExtensibilityGlobals) = postSolution
		SolutionGuid = {F1D580D0-1F2D-4B8D-BC87-090E714EDF29}
	EndGlobalSection
EndGlobal
